
Microsoft Visual Studio Solution File, Format Version 12.00
# Visual Studio 2013
VisualStudioVersion = 12.0.21005.1
MinimumVisualStudioVersion = 10.0.40219.1
Project("{FAE04EC0-301F-11D3-BF4B-00C04F79EFBC}") = "Happy", "Happy\Happy.csproj", "{BE2B92EF-ADD3-4A70-9FCA-8E66D2606957}"
EndProject
Project("{FAE04EC0-301F-11D3-BF4B-00C04F79EFBC}") = "Common", "Common\Common.csproj", "{639B1B73-ACDE-4E2C-AE2C-E43DDBAB992D}"
EndProject
Project("{FAE04EC0-301F-11D3-BF4B-00C04F79EFBC}") = "DAL", "DAL\DAL.csproj", "{709FFBFF-B5B6-43C0-A363-E29A0D0C4F05}"
EndProject
Project("{FAE04EC0-301F-11D3-BF4B-00C04F79EFBC}") = "BLL", "BLL\BLL.csproj", "{2A3FAA70-AC4D-4EC9-B008-965268C2854B}"
EndProject
Project("{FAE04EC0-301F-11D3-BF4B-00C04F79EFBC}") = "Model", "Model\Model.csproj", "{BB2AEB8D-F598-4B9A-B70D-9B9EE3885588}"
EndProject
Project("{FAE04EC0-301F-11D3-BF4B-00C04F79EFBC}") = "UnitTest", "UnitTest\UnitTest.csproj", "{0A27F27E-7EC4-4E7A-B6FD-A11AC46C92A0}"
EndProject
Global
	GlobalSection(SolutionConfigurationPlatforms) = preSolution
		Debug|Any CPU = Debug|Any CPU
		Debug|ARM = Debug|ARM
		Debug|x64 = Debug|x64
		Debug|x86 = Debug|x86
		Release|Any CPU = Release|Any CPU
		Release|ARM = Release|ARM
		Release|x64 = Release|x64
		Release|x86 = Release|x86
	EndGlobalSection
	GlobalSection(ProjectConfigurationPlatforms) = postSolution
		{BE2B92EF-ADD3-4A70-9FCA-8E66D2606957}.Debug|Any CPU.ActiveCfg = Debug|Any CPU
		{BE2B92EF-ADD3-4A70-9FCA-8E66D2606957}.Debug|Any CPU.Build.0 = Debug|Any CPU
		{BE2B92EF-ADD3-4A70-9FCA-8E66D2606957}.Debug|ARM.ActiveCfg = Debug|Any CPU
		{BE2B92EF-ADD3-4A70-9FCA-8E66D2606957}.Debug|x64.ActiveCfg = Debug|Any CPU
		{BE2B92EF-ADD3-4A70-9FCA-8E66D2606957}.Debug|x86.ActiveCfg = Debug|Any CPU
		{BE2B92EF-ADD3-4A70-9FCA-8E66D2606957}.Release|Any CPU.ActiveCfg = Release|Any CPU
		{BE2B92EF-ADD3-4A70-9FCA-8E66D2606957}.Release|Any CPU.Build.0 = Release|Any CPU
		{BE2B92EF-ADD3-4A70-9FCA-8E66D2606957}.Release|ARM.ActiveCfg = Release|Any CPU
		{BE2B92EF-ADD3-4A70-9FCA-8E66D2606957}.Release|x64.ActiveCfg = Release|Any CPU
		{BE2B92EF-ADD3-4A70-9FCA-8E66D2606957}.Release|x86.ActiveCfg = Release|Any CPU
		{639B1B73-ACDE-4E2C-AE2C-E43DDBAB992D}.Debug|Any CPU.ActiveCfg = Debug|Any CPU
		{639B1B73-ACDE-4E2C-AE2C-E43DDBAB992D}.Debug|Any CPU.Build.0 = Debug|Any CPU
		{639B1B73-ACDE-4E2C-AE2C-E43DDBAB992D}.Debug|ARM.ActiveCfg = Debug|Any CPU
		{639B1B73-ACDE-4E2C-AE2C-E43DDBAB992D}.Debug|x64.ActiveCfg = Debug|Any CPU
		{639B1B73-ACDE-4E2C-AE2C-E43DDBAB992D}.Debug|x86.ActiveCfg = Debug|Any CPU
		{639B1B73-ACDE-4E2C-AE2C-E43DDBAB992D}.Release|Any CPU.ActiveCfg = Release|Any CPU
		{639B1B73-ACDE-4E2C-AE2C-E43DDBAB992D}.Release|Any CPU.Build.0 = Release|Any CPU
		{639B1B73-ACDE-4E2C-AE2C-E43DDBAB992D}.Release|ARM.ActiveCfg = Release|Any CPU
		{639B1B73-ACDE-4E2C-AE2C-E43DDBAB992D}.Release|x64.ActiveCfg = Release|Any CPU
		{639B1B73-ACDE-4E2C-AE2C-E43DDBAB992D}.Release|x86.ActiveCfg = Release|Any CPU
		{709FFBFF-B5B6-43C0-A363-E29A0D0C4F05}.Debug|Any CPU.ActiveCfg = Debug|Any CPU
		{709FFBFF-B5B6-43C0-A363-E29A0D0C4F05}.Debug|Any CPU.Build.0 = Debug|Any CPU
		{709FFBFF-B5B6-43C0-A363-E29A0D0C4F05}.Debug|ARM.ActiveCfg = Debug|Any CPU
		{709FFBFF-B5B6-43C0-A363-E29A0D0C4F05}.Debug|x64.ActiveCfg = Debug|Any CPU
		{709FFBFF-B5B6-43C0-A363-E29A0D0C4F05}.Debug|x86.ActiveCfg = Debug|Any CPU
		{709FFBFF-B5B6-43C0-A363-E29A0D0C4F05}.Release|Any CPU.ActiveCfg = Release|Any CPU
		{709FFBFF-B5B6-43C0-A363-E29A0D0C4F05}.Release|Any CPU.Build.0 = Release|Any CPU
		{709FFBFF-B5B6-43C0-A363-E29A0D0C4F05}.Release|ARM.ActiveCfg = Release|Any CPU
		{709FFBFF-B5B6-43C0-A363-E29A0D0C4F05}.Release|x64.ActiveCfg = Release|Any CPU
		{709FFBFF-B5B6-43C0-A363-E29A0D0C4F05}.Release|x86.ActiveCfg = Release|Any CPU
		{2A3FAA70-AC4D-4EC9-B008-965268C2854B}.Debug|Any CPU.ActiveCfg = Debug|Any CPU
		{2A3FAA70-AC4D-4EC9-B008-965268C2854B}.Debug|Any CPU.Build.0 = Debug|Any CPU
		{2A3FAA70-AC4D-4EC9-B008-965268C2854B}.Debug|ARM.ActiveCfg = Debug|Any CPU
		{2A3FAA70-AC4D-4EC9-B008-965268C2854B}.Debug|x64.ActiveCfg = Debug|Any CPU
		{2A3FAA70-AC4D-4EC9-B008-965268C2854B}.Debug|x86.ActiveCfg = Debug|Any CPU
		{2A3FAA70-AC4D-4EC9-B008-965268C2854B}.Release|Any CPU.ActiveCfg = Release|Any CPU
		{2A3FAA70-AC4D-4EC9-B008-965268C2854B}.Release|Any CPU.Build.0 = Release|Any CPU
		{2A3FAA70-AC4D-4EC9-B008-965268C2854B}.Release|ARM.ActiveCfg = Release|Any CPU
		{2A3FAA70-AC4D-4EC9-B008-965268C2854B}.Release|x64.ActiveCfg = Release|Any CPU
		{2A3FAA70-AC4D-4EC9-B008-965268C2854B}.Release|x86.ActiveCfg = Release|Any CPU
		{BB2AEB8D-F598-4B9A-B70D-9B9EE3885588}.Debug|Any CPU.ActiveCfg = Debug|Any CPU
		{BB2AEB8D-F598-4B9A-B70D-9B9EE3885588}.Debug|Any CPU.Build.0 = Debug|Any CPU
		{BB2AEB8D-F598-4B9A-B70D-9B9EE3885588}.Debug|ARM.ActiveCfg = Debug|Any CPU
		{BB2AEB8D-F598-4B9A-B70D-9B9EE3885588}.Debug|x64.ActiveCfg = Debug|Any CPU
		{BB2AEB8D-F598-4B9A-B70D-9B9EE3885588}.Debug|x86.ActiveCfg = Debug|Any CPU
		{BB2AEB8D-F598-4B9A-B70D-9B9EE3885588}.Release|Any CPU.ActiveCfg = Release|Any CPU
		{BB2AEB8D-F598-4B9A-B70D-9B9EE3885588}.Release|Any CPU.Build.0 = Release|Any CPU
		{BB2AEB8D-F598-4B9A-B70D-9B9EE3885588}.Release|ARM.ActiveCfg = Release|Any CPU
		{BB2AEB8D-F598-4B9A-B70D-9B9EE3885588}.Release|x64.ActiveCfg = Release|Any CPU
		{BB2AEB8D-F598-4B9A-B70D-9B9EE3885588}.Release|x86.ActiveCfg = Release|Any CPU
		{0A27F27E-7EC4-4E7A-B6FD-A11AC46C92A0}.Debug|Any CPU.ActiveCfg = Debug|Any CPU
		{0A27F27E-7EC4-4E7A-B6FD-A11AC46C92A0}.Debug|Any CPU.Build.0 = Debug|Any CPU
		{0A27F27E-7EC4-4E7A-B6FD-A11AC46C92A0}.Debug|ARM.ActiveCfg = Debug|Any CPU
		{0A27F27E-7EC4-4E7A-B6FD-A11AC46C92A0}.Debug|x64.ActiveCfg = Debug|Any CPU
		{0A27F27E-7EC4-4E7A-B6FD-A11AC46C92A0}.Debug|x86.ActiveCfg = Debug|Any CPU
		{0A27F27E-7EC4-4E7A-B6FD-A11AC46C92A0}.Release|Any CPU.ActiveCfg = Release|Any CPU
		{0A27F27E-7EC4-4E7A-B6FD-A11AC46C92A0}.Release|Any CPU.Build.0 = Release|Any CPU
		{0A27F27E-7EC4-4E7A-B6FD-A11AC46C92A0}.Release|ARM.ActiveCfg = Release|Any CPU
		{0A27F27E-7EC4-4E7A-B6FD-A11AC46C92A0}.Release|x64.ActiveCfg = Release|Any CPU
		{0A27F27E-7EC4-4E7A-B6FD-A11AC46C92A0}.Release|x86.ActiveCfg = Release|Any CPU
	EndGlobalSection
	GlobalSection(SolutionProperties) = preSolution
		HideSolutionNode = FALSE
	EndGlobalSection
EndGlobal
